
Microsoft Visual Studio Solution File, Format Version 12.00
# Visual Studio Version 16
VisualStudioVersion = 16.0.29920.165
MinimumVisualStudioVersion = 10.0.40219.1
Project("{9A19103F-16F7-4668-BE54-9A1E7A4F7556}") = "Backup", "Backup\Backup.csproj", "{265F45B4-E21C-49BD-96A0-347555A9CABC}"
EndProject
Global
	GlobalSection(SolutionConfigurationPlatforms) = preSolution
		Debug|Any CPU = Debug|Any CPU
		Release|Any CPU = Release|Any CPU
	EndGlobalSection
	GlobalSection(ProjectConfigurationPlatforms) = postSolution
		{265F45B4-E21C-49BD-96A0-347555A9CABC}.Debug|Any CPU.ActiveCfg = Debug|Any CPU
		{265F45B4-E21C-49BD-96A0-347555A9CABC}.Debug|Any CPU.Build.0 = Debug|Any CPU
		{265F45B4-E21C-49BD-96A0-347555A9CABC}.Release|Any CPU.ActiveCfg = Release|Any CPU
		{265F45B4-E21C-49BD-96A0-347555A9CABC}.Release|Any CPU.Build.0 = Release|Any CPU
	EndGlobalSection
	GlobalSection(SolutionProperties) = preSolution
		HideSolutionNode = FALSE
	EndGlobalSection
	GlobalSection(ExtensibilityGlobals) = postSolution
		SolutionGuid = {E3465655-F1BD-476C-B837-0F1A2D245BE5}
	EndGlobalSection
EndGlobal
